
Microsoft Visual Studio Solution File, Format Version 12.00
# Visual Studio 15
VisualStudioVersion = 15.0.28307.168
MinimumVisualStudioVersion = 10.0.40219.1
Project("{9A19103F-16F7-4668-BE54-9A1E7A4F7556}") = "Smart.Web", "Smart.Web\Smart.Web.csproj", "{A74824C1-0BF8-40E2-925A-E2DBA9A88DCE}"
EndProject
Project("{FAE04EC0-301F-11D3-BF4B-00C04F79EFBC}") = "Smart.Tests", "Smart.Tests\Smart.Tests.csproj", "{A26427F3-1280-489A-8A04-1754982B05AA}"
EndProject
Project("{FAE04EC0-301F-11D3-BF4B-00C04F79EFBC}") = "Smart.Helpers", "Smart.Helpers\Smart.Helpers.csproj", "{67CD8FD7-BE2B-439B-B832-4FF9125193DD}"
EndProject
Global
	GlobalSection(SolutionConfigurationPlatforms) = preSolution
		Debug|Any CPU = Debug|Any CPU
		Release|Any CPU = Release|Any CPU
	EndGlobalSection
	GlobalSection(ProjectConfigurationPlatforms) = postSolution
		{A74824C1-0BF8-40E2-925A-E2DBA9A88DCE}.Debug|Any CPU.ActiveCfg = Debug|Any CPU
		{A74824C1-0BF8-40E2-925A-E2DBA9A88DCE}.Debug|Any CPU.Build.0 = Debug|Any CPU
		{A74824C1-0BF8-40E2-925A-E2DBA9A88DCE}.Release|Any CPU.ActiveCfg = Release|Any CPU
		{A74824C1-0BF8-40E2-925A-E2DBA9A88DCE}.Release|Any CPU.Build.0 = Release|Any CPU
		{A26427F3-1280-489A-8A04-1754982B05AA}.Debug|Any CPU.ActiveCfg = Debug|Any CPU
		{A26427F3-1280-489A-8A04-1754982B05AA}.Debug|Any CPU.Build.0 = Debug|Any CPU
		{A26427F3-1280-489A-8A04-1754982B05AA}.Release|Any CPU.ActiveCfg = Release|Any CPU
		{A26427F3-1280-489A-8A04-1754982B05AA}.Release|Any CPU.Build.0 = Release|Any CPU
		{67CD8FD7-BE2B-439B-B832-4FF9125193DD}.Debug|Any CPU.ActiveCfg = Debug|Any CPU
		{67CD8FD7-BE2B-439B-B832-4FF9125193DD}.Debug|Any CPU.Build.0 = Debug|Any CPU
		{67CD8FD7-BE2B-439B-B832-4FF9125193DD}.Release|Any CPU.ActiveCfg = Release|Any CPU
		{67CD8FD7-BE2B-439B-B832-4FF9125193DD}.Release|Any CPU.Build.0 = Release|Any CPU
	EndGlobalSection
	GlobalSection(SolutionProperties) = preSolution
		HideSolutionNode = FALSE
	EndGlobalSection
	GlobalSection(ExtensibilityGlobals) = postSolution
		SolutionGuid = {F11644FC-3BB3-4D6A-BA4F-3EB1B6869152}
	EndGlobalSection
EndGlobal
