
Microsoft Visual Studio Solution File, Format Version 12.00
# Visual Studio 15
VisualStudioVersion = 15.0.27004.2002
MinimumVisualStudioVersion = 10.0.40219.1
Project("{FAE04EC0-301F-11D3-BF4B-00C04F79EFBC}") = "NetatmoCore", "NetatmoCore\NetatmoCore.csproj", "{7483069D-C248-4606-BC12-341A4C3DEC65}"
EndProject
Project("{FAE04EC0-301F-11D3-BF4B-00C04F79EFBC}") = "NetatmoCore.Tests", "NetatmoCore.Tests\NetatmoCore.Tests.csproj", "{3A91D707-49F6-4E57-A814-2C86F6BA7C6D}"
EndProject
Global
	GlobalSection(SolutionConfigurationPlatforms) = preSolution
		Debug|Any CPU = Debug|Any CPU
		Release|Any CPU = Release|Any CPU
	EndGlobalSection
	GlobalSection(ProjectConfigurationPlatforms) = postSolution
		{7483069D-C248-4606-BC12-341A4C3DEC65}.Debug|Any CPU.ActiveCfg = Debug|Any CPU
		{7483069D-C248-4606-BC12-341A4C3DEC65}.Debug|Any CPU.Build.0 = Debug|Any CPU
		{7483069D-C248-4606-BC12-341A4C3DEC65}.Release|Any CPU.ActiveCfg = Release|Any CPU
		{7483069D-C248-4606-BC12-341A4C3DEC65}.Release|Any CPU.Build.0 = Release|Any CPU
		{3A91D707-49F6-4E57-A814-2C86F6BA7C6D}.Debug|Any CPU.ActiveCfg = Debug|Any CPU
		{3A91D707-49F6-4E57-A814-2C86F6BA7C6D}.Debug|Any CPU.Build.0 = Debug|Any CPU
		{3A91D707-49F6-4E57-A814-2C86F6BA7C6D}.Release|Any CPU.ActiveCfg = Release|Any CPU
		{3A91D707-49F6-4E57-A814-2C86F6BA7C6D}.Release|Any CPU.Build.0 = Release|Any CPU
	EndGlobalSection
	GlobalSection(SolutionProperties) = preSolution
		HideSolutionNode = FALSE
	EndGlobalSection
	GlobalSection(ExtensibilityGlobals) = postSolution
		SolutionGuid = {C3761392-F6E7-4842-A6F0-385CCF6A0A8E}
	EndGlobalSection
EndGlobal
