
Microsoft Visual Studio Solution File, Format Version 12.00
# Visual Studio Version 16
VisualStudioVersion = 16.0.28803.452
MinimumVisualStudioVersion = 10.0.40219.1
Project("{9A19103F-16F7-4668-BE54-9A1E7A4F7556}") = "MqttTestClient", "MqttClient_Influx\MqttTestClient.csproj", "{089DFBC0-20EB-44E4-AD5B-209B57A1999A}"
EndProject
Project("{9A19103F-16F7-4668-BE54-9A1E7A4F7556}") = "OpenWeatherMap", "OpenWeatherMap\OpenWeatherMap.csproj", "{6DE31341-C387-4B6B-B964-3C5D26CD709E}"
EndProject
Project("{9A19103F-16F7-4668-BE54-9A1E7A4F7556}") = "PowerSystemClient.Tests", "PowerSystemClient.Tests\PowerSystemClient.Tests.csproj", "{8DF13EBE-6A74-4C83-A303-6620CC90C2CC}"
EndProject
Project("{9A19103F-16F7-4668-BE54-9A1E7A4F7556}") = "AmberElectric", "AmberElectric\AmberElectric.csproj", "{7BD46A35-EC59-41CC-AE8E-E75A7B498DDA}"
EndProject
Project("{2150E333-8FDC-42A3-9474-1A3956D46DE8}") = "Host", "Host", "{79ED1BD1-F276-404D-9C52-B3115D9448A6}"
EndProject
Project("{FAE04EC0-301F-11D3-BF4B-00C04F79EFBC}") = "EnergyHost.App", "EnergyHost.App\EnergyHost.App.csproj", "{55601AEA-E1C2-48F1-B405-9C6736780E4D}"
EndProject
Project("{FAE04EC0-301F-11D3-BF4B-00C04F79EFBC}") = "EnergyHost.Services", "EnergyHost.Services\EnergyHost.Services.csproj", "{38BCC435-ECB9-40C0-B55C-0C43A48AAE14}"
EndProject
Project("{FAE04EC0-301F-11D3-BF4B-00C04F79EFBC}") = "EnergyHost.Model", "EnergyHost.Model\EnergyHost.Model.csproj", "{6E077A82-BD4B-4130-B4C1-C4A2120B751C}"
EndProject
Project("{FAE04EC0-301F-11D3-BF4B-00C04F79EFBC}") = "EnergyHost.Contract", "EnergyHost.Contract\EnergyHost.Contract.csproj", "{5729AB8C-B978-4C97-BCD3-ECA6AEEBAB20}"
EndProject
Project("{2150E333-8FDC-42A3-9474-1A3956D46DE8}") = "Old", "Old", "{78D15F7E-86BE-48BB-A990-8B27AED0F13B}"
EndProject
Project("{FAE04EC0-301F-11D3-BF4B-00C04F79EFBC}") = "EnergyHost.Tests", "EnergyHost.Tests\EnergyHost.Tests.csproj", "{08847052-DC49-43B1-834C-3CCB46E7D0FF}"
EndProject
Global
	GlobalSection(SolutionConfigurationPlatforms) = preSolution
		Debug|Any CPU = Debug|Any CPU
		Release|Any CPU = Release|Any CPU
	EndGlobalSection
	GlobalSection(ProjectConfigurationPlatforms) = postSolution
		{089DFBC0-20EB-44E4-AD5B-209B57A1999A}.Debug|Any CPU.ActiveCfg = Debug|Any CPU
		{089DFBC0-20EB-44E4-AD5B-209B57A1999A}.Debug|Any CPU.Build.0 = Debug|Any CPU
		{089DFBC0-20EB-44E4-AD5B-209B57A1999A}.Release|Any CPU.ActiveCfg = Release|Any CPU
		{089DFBC0-20EB-44E4-AD5B-209B57A1999A}.Release|Any CPU.Build.0 = Release|Any CPU
		{6DE31341-C387-4B6B-B964-3C5D26CD709E}.Debug|Any CPU.ActiveCfg = Debug|Any CPU
		{6DE31341-C387-4B6B-B964-3C5D26CD709E}.Debug|Any CPU.Build.0 = Debug|Any CPU
		{6DE31341-C387-4B6B-B964-3C5D26CD709E}.Release|Any CPU.ActiveCfg = Release|Any CPU
		{6DE31341-C387-4B6B-B964-3C5D26CD709E}.Release|Any CPU.Build.0 = Release|Any CPU
		{8DF13EBE-6A74-4C83-A303-6620CC90C2CC}.Debug|Any CPU.ActiveCfg = Debug|Any CPU
		{8DF13EBE-6A74-4C83-A303-6620CC90C2CC}.Debug|Any CPU.Build.0 = Debug|Any CPU
		{8DF13EBE-6A74-4C83-A303-6620CC90C2CC}.Release|Any CPU.ActiveCfg = Release|Any CPU
		{8DF13EBE-6A74-4C83-A303-6620CC90C2CC}.Release|Any CPU.Build.0 = Release|Any CPU
		{7BD46A35-EC59-41CC-AE8E-E75A7B498DDA}.Debug|Any CPU.ActiveCfg = Debug|Any CPU
		{7BD46A35-EC59-41CC-AE8E-E75A7B498DDA}.Debug|Any CPU.Build.0 = Debug|Any CPU
		{7BD46A35-EC59-41CC-AE8E-E75A7B498DDA}.Release|Any CPU.ActiveCfg = Release|Any CPU
		{7BD46A35-EC59-41CC-AE8E-E75A7B498DDA}.Release|Any CPU.Build.0 = Release|Any CPU
		{55601AEA-E1C2-48F1-B405-9C6736780E4D}.Debug|Any CPU.ActiveCfg = Debug|Any CPU
		{55601AEA-E1C2-48F1-B405-9C6736780E4D}.Debug|Any CPU.Build.0 = Debug|Any CPU
		{55601AEA-E1C2-48F1-B405-9C6736780E4D}.Release|Any CPU.ActiveCfg = Release|Any CPU
		{55601AEA-E1C2-48F1-B405-9C6736780E4D}.Release|Any CPU.Build.0 = Release|Any CPU
		{38BCC435-ECB9-40C0-B55C-0C43A48AAE14}.Debug|Any CPU.ActiveCfg = Debug|Any CPU
		{38BCC435-ECB9-40C0-B55C-0C43A48AAE14}.Debug|Any CPU.Build.0 = Debug|Any CPU
		{38BCC435-ECB9-40C0-B55C-0C43A48AAE14}.Release|Any CPU.ActiveCfg = Release|Any CPU
		{38BCC435-ECB9-40C0-B55C-0C43A48AAE14}.Release|Any CPU.Build.0 = Release|Any CPU
		{6E077A82-BD4B-4130-B4C1-C4A2120B751C}.Debug|Any CPU.ActiveCfg = Debug|Any CPU
		{6E077A82-BD4B-4130-B4C1-C4A2120B751C}.Debug|Any CPU.Build.0 = Debug|Any CPU
		{6E077A82-BD4B-4130-B4C1-C4A2120B751C}.Release|Any CPU.ActiveCfg = Release|Any CPU
		{6E077A82-BD4B-4130-B4C1-C4A2120B751C}.Release|Any CPU.Build.0 = Release|Any CPU
		{5729AB8C-B978-4C97-BCD3-ECA6AEEBAB20}.Debug|Any CPU.ActiveCfg = Debug|Any CPU
		{5729AB8C-B978-4C97-BCD3-ECA6AEEBAB20}.Debug|Any CPU.Build.0 = Debug|Any CPU
		{5729AB8C-B978-4C97-BCD3-ECA6AEEBAB20}.Release|Any CPU.ActiveCfg = Release|Any CPU
		{5729AB8C-B978-4C97-BCD3-ECA6AEEBAB20}.Release|Any CPU.Build.0 = Release|Any CPU
		{08847052-DC49-43B1-834C-3CCB46E7D0FF}.Debug|Any CPU.ActiveCfg = Debug|Any CPU
		{08847052-DC49-43B1-834C-3CCB46E7D0FF}.Debug|Any CPU.Build.0 = Debug|Any CPU
		{08847052-DC49-43B1-834C-3CCB46E7D0FF}.Release|Any CPU.ActiveCfg = Release|Any CPU
		{08847052-DC49-43B1-834C-3CCB46E7D0FF}.Release|Any CPU.Build.0 = Release|Any CPU
	EndGlobalSection
	GlobalSection(SolutionProperties) = preSolution
		HideSolutionNode = FALSE
	EndGlobalSection
	GlobalSection(NestedProjects) = preSolution
		{089DFBC0-20EB-44E4-AD5B-209B57A1999A} = {78D15F7E-86BE-48BB-A990-8B27AED0F13B}
		{6DE31341-C387-4B6B-B964-3C5D26CD709E} = {78D15F7E-86BE-48BB-A990-8B27AED0F13B}
		{8DF13EBE-6A74-4C83-A303-6620CC90C2CC} = {78D15F7E-86BE-48BB-A990-8B27AED0F13B}
		{7BD46A35-EC59-41CC-AE8E-E75A7B498DDA} = {78D15F7E-86BE-48BB-A990-8B27AED0F13B}
		{55601AEA-E1C2-48F1-B405-9C6736780E4D} = {79ED1BD1-F276-404D-9C52-B3115D9448A6}
		{38BCC435-ECB9-40C0-B55C-0C43A48AAE14} = {79ED1BD1-F276-404D-9C52-B3115D9448A6}
		{6E077A82-BD4B-4130-B4C1-C4A2120B751C} = {79ED1BD1-F276-404D-9C52-B3115D9448A6}
		{5729AB8C-B978-4C97-BCD3-ECA6AEEBAB20} = {79ED1BD1-F276-404D-9C52-B3115D9448A6}
		{08847052-DC49-43B1-834C-3CCB46E7D0FF} = {79ED1BD1-F276-404D-9C52-B3115D9448A6}
	EndGlobalSection
	GlobalSection(ExtensibilityGlobals) = postSolution
		SolutionGuid = {230F2564-BB45-4C4E-8182-008F47506F7E}
	EndGlobalSection
EndGlobal
